// !$*UTF8*$!
{
	archiveVersion = 1;
	classes = {
	};
	objectVersion = 50;
	objects = {

/* Begin PBXBuildFile section */
		52789FF023C767A7005342E2 /* AppDelegate.swift in Sources */ = {isa = PBXBuildFile; fileRef = 52789FEF23C767A7005342E2 /* AppDelegate.swift */; };
		52789FF223C767A7005342E2 /* SceneDelegate.swift in Sources */ = {isa = PBXBuildFile; fileRef = 52789FF123C767A7005342E2 /* SceneDelegate.swift */; };
		52789FF723C767A7005342E2 /* Main.storyboard in Resources */ = {isa = PBXBuildFile; fileRef = 52789FF523C767A7005342E2 /* Main.storyboard */; };
		52789FFC23C767A9005342E2 /* LaunchScreen.storyboard in Resources */ = {isa = PBXBuildFile; fileRef = 52789FFA23C767A9005342E2 /* LaunchScreen.storyboard */; };
		5278A00623C76993005342E2 /* LocationManager.swift in Sources */ = {isa = PBXBuildFile; fileRef = 5278A00523C76993005342E2 /* LocationManager.swift */; };
		5278A00823C769D6005342E2 /* NetworkingService.swift in Sources */ = {isa = PBXBuildFile; fileRef = 5278A00723C769D6005342E2 /* NetworkingService.swift */; };
		5278A00C23C76E26005342E2 /* POIsListViewController.swift in Sources */ = {isa = PBXBuildFile; fileRef = 5278A00B23C76E26005342E2 /* POIsListViewController.swift */; };
		5278A00E23C76E9B005342E2 /* POIDetailsViewController.swift in Sources */ = {isa = PBXBuildFile; fileRef = 5278A00D23C76E9B005342E2 /* POIDetailsViewController.swift */; };
		5278A01023C76ED3005342E2 /* Constants.swift in Sources */ = {isa = PBXBuildFile; fileRef = 5278A00F23C76ED3005342E2 /* Constants.swift */; };
		5278A01223C770D0005342E2 /* PointOfInterest.swift in Sources */ = {isa = PBXBuildFile; fileRef = 5278A01123C770D0005342E2 /* PointOfInterest.swift */; };
		5278A01423C77346005342E2 /* POIImageData.swift in Sources */ = {isa = PBXBuildFile; fileRef = 5278A01323C77346005342E2 /* POIImageData.swift */; };
		5278A01823C77B4E005342E2 /* JSON+Helpers.swift in Sources */ = {isa = PBXBuildFile; fileRef = 5278A01723C77B4E005342E2 /* JSON+Helpers.swift */; };
		5278A01A23C77D45005342E2 /* NetworkingService+PointOfInterest.swift in Sources */ = {isa = PBXBuildFile; fileRef = 5278A01923C77D45005342E2 /* NetworkingService+PointOfInterest.swift */; };
		5278A01C23C77E90005342E2 /* Data+JSON.swift in Sources */ = {isa = PBXBuildFile; fileRef = 5278A01B23C77E90005342E2 /* Data+JSON.swift */; };
		5278A01E23C797FE005342E2 /* POICollectionViewCell.swift in Sources */ = {isa = PBXBuildFile; fileRef = 5278A01D23C797FE005342E2 /* POICollectionViewCell.swift */; };
		5278A02023C7A2D0005342E2 /* UIImage+Helpers.swift in Sources */ = {isa = PBXBuildFile; fileRef = 5278A01F23C7A2D0005342E2 /* UIImage+Helpers.swift */; };
		5278A02223C7C034005342E2 /* Assets.xcassets in Resources */ = {isa = PBXBuildFile; fileRef = 5278A02123C7C034005342E2 /* Assets.xcassets */; };
		5278A02423C7CB5A005342E2 /* UIView+Helpers.swift in Sources */ = {isa = PBXBuildFile; fileRef = 5278A02323C7CB5A005342E2 /* UIView+Helpers.swift */; };
		5278A02623C7CF38005342E2 /* CustomLoadingView.swift in Sources */ = {isa = PBXBuildFile; fileRef = 5278A02523C7CF38005342E2 /* CustomLoadingView.swift */; };
		5278A02A23C8C61E005342E2 /* MainNavigationController.swift in Sources */ = {isa = PBXBuildFile; fileRef = 5278A02923C8C61E005342E2 /* MainNavigationController.swift */; };
		5278A02C23C8C747005342E2 /* UINavigationController+Helpers.swift in Sources */ = {isa = PBXBuildFile; fileRef = 5278A02B23C8C747005342E2 /* UINavigationController+Helpers.swift */; };
		5278A02E23C9297E005342E2 /* RatingView.swift in Sources */ = {isa = PBXBuildFile; fileRef = 5278A02D23C9297E005342E2 /* RatingView.swift */; };
		5278A03023C9299E005342E2 /* RatingView.xib in Resources */ = {isa = PBXBuildFile; fileRef = 5278A02F23C9299E005342E2 /* RatingView.xib */; };
/* End PBXBuildFile section */

/* Begin PBXFileReference section */
		52789FEC23C767A7005342E2 /* POIs.app */ = {isa = PBXFileReference; explicitFileType = wrapper.application; includeInIndex = 0; path = POIs.app; sourceTree = BUILT_PRODUCTS_DIR; };
		52789FEF23C767A7005342E2 /* AppDelegate.swift */ = {isa = PBXFileReference; lastKnownFileType = sourcecode.swift; path = AppDelegate.swift; sourceTree = "<group>"; };
		52789FF123C767A7005342E2 /* SceneDelegate.swift */ = {isa = PBXFileReference; lastKnownFileType = sourcecode.swift; path = SceneDelegate.swift; sourceTree = "<group>"; };
		52789FF623C767A7005342E2 /* Base */ = {isa = PBXFileReference; lastKnownFileType = file.storyboard; name = Base; path = Base.lproj/Main.storyboard; sourceTree = "<group>"; };
		52789FFB23C767A9005342E2 /* Base */ = {isa = PBXFileReference; lastKnownFileType = file.storyboard; name = Base; path = Base.lproj/LaunchScreen.storyboard; sourceTree = "<group>"; };
		52789FFD23C767A9005342E2 /* Info.plist */ = {isa = PBXFileReference; lastKnownFileType = text.plist.xml; path = Info.plist; sourceTree = "<group>"; };
		5278A00523C76993005342E2 /* LocationManager.swift */ = {isa = PBXFileReference; lastKnownFileType = sourcecode.swift; path = LocationManager.swift; sourceTree = "<group>"; };
		5278A00723C769D6005342E2 /* NetworkingService.swift */ = {isa = PBXFileReference; lastKnownFileType = sourcecode.swift; path = NetworkingService.swift; sourceTree = "<group>"; };
		5278A00B23C76E26005342E2 /* POIsListViewController.swift */ = {isa = PBXFileReference; lastKnownFileType = sourcecode.swift; path = POIsListViewController.swift; sourceTree = "<group>"; };
		5278A00D23C76E9B005342E2 /* POIDetailsViewController.swift */ = {isa = PBXFileReference; lastKnownFileType = sourcecode.swift; path = POIDetailsViewController.swift; sourceTree = "<group>"; };
		5278A00F23C76ED3005342E2 /* Constants.swift */ = {isa = PBXFileReference; lastKnownFileType = sourcecode.swift; path = Constants.swift; sourceTree = "<group>"; };
		5278A01123C770D0005342E2 /* PointOfInterest.swift */ = {isa = PBXFileReference; lastKnownFileType = sourcecode.swift; path = PointOfInterest.swift; sourceTree = "<group>"; };
		5278A01323C77346005342E2 /* POIImageData.swift */ = {isa = PBXFileReference; lastKnownFileType = sourcecode.swift; path = POIImageData.swift; sourceTree = "<group>"; };
		5278A01723C77B4E005342E2 /* JSON+Helpers.swift */ = {isa = PBXFileReference; lastKnownFileType = sourcecode.swift; path = "JSON+Helpers.swift"; sourceTree = "<group>"; };
		5278A01923C77D45005342E2 /* NetworkingService+PointOfInterest.swift */ = {isa = PBXFileReference; lastKnownFileType = sourcecode.swift; path = "NetworkingService+PointOfInterest.swift"; sourceTree = "<group>"; };
		5278A01B23C77E90005342E2 /* Data+JSON.swift */ = {isa = PBXFileReference; lastKnownFileType = sourcecode.swift; path = "Data+JSON.swift"; sourceTree = "<group>"; };
		5278A01D23C797FE005342E2 /* POICollectionViewCell.swift */ = {isa = PBXFileReference; lastKnownFileType = sourcecode.swift; path = POICollectionViewCell.swift; sourceTree = "<group>"; };
		5278A01F23C7A2D0005342E2 /* UIImage+Helpers.swift */ = {isa = PBXFileReference; lastKnownFileType = sourcecode.swift; path = "UIImage+Helpers.swift"; sourceTree = "<group>"; };
		5278A02123C7C034005342E2 /* Assets.xcassets */ = {isa = PBXFileReference; lastKnownFileType = folder.assetcatalog; path = Assets.xcassets; sourceTree = "<group>"; };
		5278A02323C7CB5A005342E2 /* UIView+Helpers.swift */ = {isa = PBXFileReference; lastKnownFileType = sourcecode.swift; path = "UIView+Helpers.swift"; sourceTree = "<group>"; };
		5278A02523C7CF38005342E2 /* CustomLoadingView.swift */ = {isa = PBXFileReference; lastKnownFileType = sourcecode.swift; path = CustomLoadingView.swift; sourceTree = "<group>"; };
		5278A02923C8C61E005342E2 /* MainNavigationController.swift */ = {isa = PBXFileReference; lastKnownFileType = sourcecode.swift; path = MainNavigationController.swift; sourceTree = "<group>"; };
		5278A02B23C8C747005342E2 /* UINavigationController+Helpers.swift */ = {isa = PBXFileReference; lastKnownFileType = sourcecode.swift; path = "UINavigationController+Helpers.swift"; sourceTree = "<group>"; };
		5278A02D23C9297E005342E2 /* RatingView.swift */ = {isa = PBXFileReference; lastKnownFileType = sourcecode.swift; path = RatingView.swift; sourceTree = "<group>"; };
		5278A02F23C9299E005342E2 /* RatingView.xib */ = {isa = PBXFileReference; lastKnownFileType = file.xib; path = RatingView.xib; sourceTree = "<group>"; };
/* End PBXFileReference section */

/* Begin PBXFrameworksBuildPhase section */
		52789FE923C767A7005342E2 /* Frameworks */ = {
			isa = PBXFrameworksBuildPhase;
			buildActionMask = 2147483647;
			files = (
			);
			runOnlyForDeploymentPostprocessing = 0;
		};
/* End PBXFrameworksBuildPhase section */

/* Begin PBXGroup section */
		52789FE323C767A7005342E2 = {
			isa = PBXGroup;
			children = (
				52789FEE23C767A7005342E2 /* POIs */,
				52789FED23C767A7005342E2 /* Products */,
			);
			sourceTree = "<group>";
		};
		52789FED23C767A7005342E2 /* Products */ = {
			isa = PBXGroup;
			children = (
				52789FEC23C767A7005342E2 /* POIs.app */,
			);
			name = Products;
			sourceTree = "<group>";
		};
		52789FEE23C767A7005342E2 /* POIs */ = {
			isa = PBXGroup;
			children = (
				5278A03D23CB4345005342E2 /* Global */,
				5278A03223CB40FA005342E2 /* Services */,
				5278A03123CB40E9005342E2 /* Controllers */,
				5278A03423CB4114005342E2 /* Models */,
				5278A03323CB4103005342E2 /* Extensions */,
				5278A03523CB411B005342E2 /* Storyboards */,
				5278A03623CB412E005342E2 /* Resources */,
				52789FEF23C767A7005342E2 /* AppDelegate.swift */,
				52789FF123C767A7005342E2 /* SceneDelegate.swift */,
				52789FFD23C767A9005342E2 /* Info.plist */,
			);
			path = POIs;
			sourceTree = "<group>";
		};
		5278A03123CB40E9005342E2 /* Controllers */ = {
			isa = PBXGroup;
			children = (
				5278A00B23C76E26005342E2 /* POIsListViewController.swift */,
				5278A00D23C76E9B005342E2 /* POIDetailsViewController.swift */,
				5278A02923C8C61E005342E2 /* MainNavigationController.swift */,
			);
			name = Controllers;
			sourceTree = "<group>";
		};
		5278A03223CB40FA005342E2 /* Services */ = {
			isa = PBXGroup;
			children = (
				5278A00523C76993005342E2 /* LocationManager.swift */,
				5278A00723C769D6005342E2 /* NetworkingService.swift */,
			);
			path = Services;
			sourceTree = "<group>";
		};
		5278A03323CB4103005342E2 /* Extensions */ = {
			isa = PBXGroup;
			children = (
				5278A03E23CB43EF005342E2 /* UI */,
				5278A01723C77B4E005342E2 /* JSON+Helpers.swift */,
				5278A01923C77D45005342E2 /* NetworkingService+PointOfInterest.swift */,
				5278A01B23C77E90005342E2 /* Data+JSON.swift */,
			);
			name = Extensions;
			sourceTree = "<group>";
		};
		5278A03423CB4114005342E2 /* Models */ = {
			isa = PBXGroup;
			children = (
				5278A03923CB42CC005342E2 /* UI */,
				5278A01123C770D0005342E2 /* PointOfInterest.swift */,
				5278A01323C77346005342E2 /* POIImageData.swift */,
			);
			path = Models;
			sourceTree = "<group>";
		};
		5278A03523CB411B005342E2 /* Storyboards */ = {
			isa = PBXGroup;
			children = (
				52789FF523C767A7005342E2 /* Main.storyboard */,
				52789FFA23C767A9005342E2 /* LaunchScreen.storyboard */,
			);
			path = Storyboards;
			sourceTree = "<group>";
		};
		5278A03623CB412E005342E2 /* Resources */ = {
			isa = PBXGroup;
			children = (
				5278A02123C7C034005342E2 /* Assets.xcassets */,
			);
			name = Resources;
			sourceTree = "<group>";
		};
		5278A03923CB42CC005342E2 /* UI */ = {
			isa = PBXGroup;
			children = (
				5278A03A23CB42D8005342E2 /* Views */,
			);
			name = UI;
			sourceTree = "<group>";
		};
		5278A03A23CB42D8005342E2 /* Views */ = {
			isa = PBXGroup;
			children = (
				5278A03B23CB42EF005342E2 /* CollectionViews */,
				5278A02523C7CF38005342E2 /* CustomLoadingView.swift */,
				5278A02D23C9297E005342E2 /* RatingView.swift */,
				5278A02F23C9299E005342E2 /* RatingView.xib */,
			);
			name = Views;
			sourceTree = "<group>";
		};
		5278A03B23CB42EF005342E2 /* CollectionViews */ = {
			isa = PBXGroup;
			children = (
				5278A03C23CB42F7005342E2 /* Cells */,
			);
			name = CollectionViews;
			sourceTree = "<group>";
		};
		5278A03C23CB42F7005342E2 /* Cells */ = {
			isa = PBXGroup;
			children = (
				5278A01D23C797FE005342E2 /* POICollectionViewCell.swift */,
			);
			name = Cells;
			sourceTree = "<group>";
		};
		5278A03D23CB4345005342E2 /* Global */ = {
			isa = PBXGroup;
			children = (
				5278A00F23C76ED3005342E2 /* Constants.swift */,
			);
			name = Global;
			sourceTree = "<group>";
		};
		5278A03E23CB43EF005342E2 /* UI */ = {
			isa = PBXGroup;
			children = (
				5278A01F23C7A2D0005342E2 /* UIImage+Helpers.swift */,
				5278A02323C7CB5A005342E2 /* UIView+Helpers.swift */,
				5278A02B23C8C747005342E2 /* UINavigationController+Helpers.swift */,
			);
			name = UI;
			sourceTree = "<group>";
		};
/* End PBXGroup section */

/* Begin PBXNativeTarget section */
		52789FEB23C767A7005342E2 /* POIs */ = {
			isa = PBXNativeTarget;
			buildConfigurationList = 5278A00023C767A9005342E2 /* Build configuration list for PBXNativeTarget "POIs" */;
			buildPhases = (
				52789FE823C767A7005342E2 /* Sources */,
				52789FE923C767A7005342E2 /* Frameworks */,
				52789FEA23C767A7005342E2 /* Resources */,
			);
			buildRules = (
			);
			dependencies = (
			);
			name = POIs;
			productName = POIs;
			productReference = 52789FEC23C767A7005342E2 /* POIs.app */;
			productType = "com.apple.product-type.application";
		};
/* End PBXNativeTarget section */

/* Begin PBXProject section */
		52789FE423C767A7005342E2 /* Project object */ = {
			isa = PBXProject;
			attributes = {
				LastSwiftUpdateCheck = 1130;
				LastUpgradeCheck = 1130;
				ORGANIZATIONNAME = yovkozhelev;
				TargetAttributes = {
					52789FEB23C767A7005342E2 = {
						CreatedOnToolsVersion = 11.3;
					};
				};
			};
			buildConfigurationList = 52789FE723C767A7005342E2 /* Build configuration list for PBXProject "POIs" */;
			compatibilityVersion = "Xcode 9.3";
			developmentRegion = en;
			hasScannedForEncodings = 0;
			knownRegions = (
				en,
				Base,
			);
			mainGroup = 52789FE323C767A7005342E2;
			productRefGroup = 52789FED23C767A7005342E2 /* Products */;
			projectDirPath = "";
			projectRoot = "";
			targets = (
				52789FEB23C767A7005342E2 /* POIs */,
			);
		};
/* End PBXProject section */

/* Begin PBXResourcesBuildPhase section */
		52789FEA23C767A7005342E2 /* Resources */ = {
			isa = PBXResourcesBuildPhase;
			buildActionMask = 2147483647;
			files = (
				52789FFC23C767A9005342E2 /* LaunchScreen.storyboard in Resources */,
				5278A02223C7C034005342E2 /* Assets.xcassets in Resources */,
				52789FF723C767A7005342E2 /* Main.storyboard in Resources */,
				5278A03023C9299E005342E2 /* RatingView.xib in Resources */,
			);
			runOnlyForDeploymentPostprocessing = 0;
		};
/* End PBXResourcesBuildPhase section */

/* Begin PBXSourcesBuildPhase section */
		52789FE823C767A7005342E2 /* Sources */ = {
			isa = PBXSourcesBuildPhase;
			buildActionMask = 2147483647;
			files = (
				5278A00823C769D6005342E2 /* NetworkingService.swift in Sources */,
				5278A02C23C8C747005342E2 /* UINavigationController+Helpers.swift in Sources */,
				5278A00623C76993005342E2 /* LocationManager.swift in Sources */,
				52789FF023C767A7005342E2 /* AppDelegate.swift in Sources */,
				5278A02023C7A2D0005342E2 /* UIImage+Helpers.swift in Sources */,
				5278A00C23C76E26005342E2 /* POIsListViewController.swift in Sources */,
				5278A02A23C8C61E005342E2 /* MainNavigationController.swift in Sources */,
				5278A00E23C76E9B005342E2 /* POIDetailsViewController.swift in Sources */,
				5278A02623C7CF38005342E2 /* CustomLoadingView.swift in Sources */,
				5278A01A23C77D45005342E2 /* NetworkingService+PointOfInterest.swift in Sources */,
				5278A01223C770D0005342E2 /* PointOfInterest.swift in Sources */,
				5278A01C23C77E90005342E2 /* Data+JSON.swift in Sources */,
				52789FF223C767A7005342E2 /* SceneDelegate.swift in Sources */,
				5278A02423C7CB5A005342E2 /* UIView+Helpers.swift in Sources */,
				5278A01E23C797FE005342E2 /* POICollectionViewCell.swift in Sources */,
				5278A01423C77346005342E2 /* POIImageData.swift in Sources */,
				5278A01023C76ED3005342E2 /* Constants.swift in Sources */,
				5278A02E23C9297E005342E2 /* RatingView.swift in Sources */,
				5278A01823C77B4E005342E2 /* JSON+Helpers.swift in Sources */,
			);
			runOnlyForDeploymentPostprocessing = 0;
		};
/* End PBXSourcesBuildPhase section */

/* Begin PBXVariantGroup section */
		52789FF523C767A7005342E2 /* Main.storyboard */ = {
			isa = PBXVariantGroup;
			children = (
				52789FF623C767A7005342E2 /* Base */,
			);
			name = Main.storyboard;
			sourceTree = "<group>";
		};
		52789FFA23C767A9005342E2 /* LaunchScreen.storyboard */ = {
			isa = PBXVariantGroup;
			children = (
				52789FFB23C767A9005342E2 /* Base */,
			);
			name = LaunchScreen.storyboard;
			sourceTree = "<group>";
		};
/* End PBXVariantGroup section */

/* Begin XCBuildConfiguration section */
		52789FFE23C767A9005342E2 /* Debug */ = {
			isa = XCBuildConfiguration;
			buildSettings = {
				ALWAYS_SEARCH_USER_PATHS = NO;
				CLANG_ANALYZER_NONNULL = YES;
				CLANG_ANALYZER_NUMBER_OBJECT_CONVERSION = YES_AGGRESSIVE;
				CLANG_CXX_LANGUAGE_STANDARD = "gnu++14";
				CLANG_CXX_LIBRARY = "libc++";
				CLANG_ENABLE_MODULES = YES;
				CLANG_ENABLE_OBJC_ARC = YES;
				CLANG_ENABLE_OBJC_WEAK = YES;
				CLANG_WARN_BLOCK_CAPTURE_AUTORELEASING = YES;
				CLANG_WARN_BOOL_CONVERSION = YES;
				CLANG_WARN_COMMA = YES;
				CLANG_WARN_CONSTANT_CONVERSION = YES;
				CLANG_WARN_DEPRECATED_OBJC_IMPLEMENTATIONS = YES;
				CLANG_WARN_DIRECT_OBJC_ISA_USAGE = YES_ERROR;
				CLANG_WARN_DOCUMENTATION_COMMENTS = YES;
				CLANG_WARN_EMPTY_BODY = YES;
				CLANG_WARN_ENUM_CONVERSION = YES;
				CLANG_WARN_INFINITE_RECURSION = YES;
				CLANG_WARN_INT_CONVERSION = YES;
				CLANG_WARN_NON_LITERAL_NULL_CONVERSION = YES;
				CLANG_WARN_OBJC_IMPLICIT_RETAIN_SELF = YES;
				CLANG_WARN_OBJC_LITERAL_CONVERSION = YES;
				CLANG_WARN_OBJC_ROOT_CLASS = YES_ERROR;
				CLANG_WARN_RANGE_LOOP_ANALYSIS = YES;
				CLANG_WARN_STRICT_PROTOTYPES = YES;
				CLANG_WARN_SUSPICIOUS_MOVE = YES;
				CLANG_WARN_UNGUARDED_AVAILABILITY = YES_AGGRESSIVE;
				CLANG_WARN_UNREACHABLE_CODE = YES;
				CLANG_WARN__DUPLICATE_METHOD_MATCH = YES;
				COPY_PHASE_STRIP = NO;
				DEBUG_INFORMATION_FORMAT = dwarf;
				ENABLE_STRICT_OBJC_MSGSEND = YES;
				ENABLE_TESTABILITY = YES;
				GCC_C_LANGUAGE_STANDARD = gnu11;
				GCC_DYNAMIC_NO_PIC = NO;
				GCC_NO_COMMON_BLOCKS = YES;
				GCC_OPTIMIZATION_LEVEL = 0;
				GCC_PREPROCESSOR_DEFINITIONS = (
					"DEBUG=1",
					"$(inherited)",
				);
				GCC_WARN_64_TO_32_BIT_CONVERSION = YES;
				GCC_WARN_ABOUT_RETURN_TYPE = YES_ERROR;
				GCC_WARN_UNDECLARED_SELECTOR = YES;
				GCC_WARN_UNINITIALIZED_AUTOS = YES_AGGRESSIVE;
				GCC_WARN_UNUSED_FUNCTION = YES;
				GCC_WARN_UNUSED_VARIABLE = YES;
				IPHONEOS_DEPLOYMENT_TARGET = 13.2;
				MTL_ENABLE_DEBUG_INFO = INCLUDE_SOURCE;
				MTL_FAST_MATH = YES;
				ONLY_ACTIVE_ARCH = YES;
				SDKROOT = iphoneos;
				SWIFT_ACTIVE_COMPILATION_CONDITIONS = DEBUG;
				SWIFT_OPTIMIZATION_LEVEL = "-Onone";
			};
			name = Debug;
		};
		52789FFF23C767A9005342E2 /* Release */ = {
			isa = XCBuildConfiguration;
			buildSettings = {
				ALWAYS_SEARCH_USER_PATHS = NO;
				CLANG_ANALYZER_NONNULL = YES;
				CLANG_ANALYZER_NUMBER_OBJECT_CONVERSION = YES_AGGRESSIVE;
				CLANG_CXX_LANGUAGE_STANDARD = "gnu++14";
				CLANG_CXX_LIBRARY = "libc++";
				CLANG_ENABLE_MODULES = YES;
				CLANG_ENABLE_OBJC_ARC = YES;
				CLANG_ENABLE_OBJC_WEAK = YES;
				CLANG_WARN_BLOCK_CAPTURE_AUTORELEASING = YES;
				CLANG_WARN_BOOL_CONVERSION = YES;
				CLANG_WARN_COMMA = YES;
				CLANG_WARN_CONSTANT_CONVERSION = YES;
				CLANG_WARN_DEPRECATED_OBJC_IMPLEMENTATIONS = YES;
				CLANG_WARN_DIRECT_OBJC_ISA_USAGE = YES_ERROR;
				CLANG_WARN_DOCUMENTATION_COMMENTS = YES;
				CLANG_WARN_EMPTY_BODY = YES;
				CLANG_WARN_ENUM_CONVERSION = YES;
				CLANG_WARN_INFINITE_RECURSION = YES;
				CLANG_WARN_INT_CONVERSION = YES;
				CLANG_WARN_NON_LITERAL_NULL_CONVERSION = YES;
				CLANG_WARN_OBJC_IMPLICIT_RETAIN_SELF = YES;
				CLANG_WARN_OBJC_LITERAL_CONVERSION = YES;
				CLANG_WARN_OBJC_ROOT_CLASS = YES_ERROR;
				CLANG_WARN_RANGE_LOOP_ANALYSIS = YES;
				CLANG_WARN_STRICT_PROTOTYPES = YES;
				CLANG_WARN_SUSPICIOUS_MOVE = YES;
				CLANG_WARN_UNGUARDED_AVAILABILITY = YES_AGGRESSIVE;
				CLANG_WARN_UNREACHABLE_CODE = YES;
				CLANG_WARN__DUPLICATE_METHOD_MATCH = YES;
				COPY_PHASE_STRIP = NO;
				DEBUG_INFORMATION_FORMAT = "dwarf-with-dsym";
				ENABLE_NS_ASSERTIONS = NO;
				ENABLE_STRICT_OBJC_MSGSEND = YES;
				GCC_C_LANGUAGE_STANDARD = gnu11;
				GCC_NO_COMMON_BLOCKS = YES;
				GCC_WARN_64_TO_32_BIT_CONVERSION = YES;
				GCC_WARN_ABOUT_RETURN_TYPE = YES_ERROR;
				GCC_WARN_UNDECLARED_SELECTOR = YES;
				GCC_WARN_UNINITIALIZED_AUTOS = YES_AGGRESSIVE;
				GCC_WARN_UNUSED_FUNCTION = YES;
				GCC_WARN_UNUSED_VARIABLE = YES;
				IPHONEOS_DEPLOYMENT_TARGET = 13.2;
				MTL_ENABLE_DEBUG_INFO = NO;
				MTL_FAST_MATH = YES;
				SDKROOT = iphoneos;
				SWIFT_COMPILATION_MODE = wholemodule;
				SWIFT_OPTIMIZATION_LEVEL = "-O";
				VALIDATE_PRODUCT = YES;
			};
			name = Release;
		};
		5278A00123C767A9005342E2 /* Debug */ = {
			isa = XCBuildConfiguration;
			buildSettings = {
				ASSETCATALOG_COMPILER_APPICON_NAME = AppIcon;
				CODE_SIGN_STYLE = Automatic;
				DEVELOPMENT_TEAM = T922RU3MRL;
				INFOPLIST_FILE = POIs/Info.plist;
				LD_RUNPATH_SEARCH_PATHS = (
					"$(inherited)",
					"@executable_path/Frameworks",
				);
				PRODUCT_BUNDLE_IDENTIFIER = com.yovkozhelev.POIs;
				PRODUCT_NAME = "$(TARGET_NAME)";
				SWIFT_VERSION = 5.0;
				TARGETED_DEVICE_FAMILY = "1,2";
			};
			name = Debug;
		};
		5278A00223C767A9005342E2 /* Release */ = {
			isa = XCBuildConfiguration;
			buildSettings = {
				ASSETCATALOG_COMPILER_APPICON_NAME = AppIcon;
				CODE_SIGN_STYLE = Automatic;
				DEVELOPMENT_TEAM = T922RU3MRL;
				INFOPLIST_FILE = POIs/Info.plist;
				LD_RUNPATH_SEARCH_PATHS = (
					"$(inherited)",
					"@executable_path/Frameworks",
				);
				PRODUCT_BUNDLE_IDENTIFIER = com.yovkozhelev.POIs;
				PRODUCT_NAME = "$(TARGET_NAME)";
				SWIFT_VERSION = 5.0;
				TARGETED_DEVICE_FAMILY = "1,2";
			};
			name = Release;
		};
/* End XCBuildConfiguration section */

/* Begin XCConfigurationList section */
		52789FE723C767A7005342E2 /* Build configuration list for PBXProject "POIs" */ = {
			isa = XCConfigurationList;
			buildConfigurations = (
				52789FFE23C767A9005342E2 /* Debug */,
				52789FFF23C767A9005342E2 /* Release */,
			);
			defaultConfigurationIsVisible = 0;
			defaultConfigurationName = Release;
		};
		5278A00023C767A9005342E2 /* Build configuration list for PBXNativeTarget "POIs" */ = {
			isa = XCConfigurationList;
			buildConfigurations = (
				5278A00123C767A9005342E2 /* Debug */,
				5278A00223C767A9005342E2 /* Release */,
			);
			defaultConfigurationIsVisible = 0;
			defaultConfigurationName = Release;
		};
/* End XCConfigurationList section */
	};
	rootObject = 52789FE423C767A7005342E2 /* Project object */;
}
